
Microsoft Visual Studio Solution File, Format Version 12.00
# Visual Studio Version 16
VisualStudioVersion = 16.0.32228.343
MinimumVisualStudioVersion = 10.0.40219.1
Project("{9A19103F-16F7-4668-BE54-9A1E7A4F7556}") = "Sports Website Admin", "Sports Website\Sports Website Admin.csproj", "{06DC2A73-F96F-4CCC-8B9A-62E2DE3BB623}"
EndProject
Project("{9A19103F-16F7-4668-BE54-9A1E7A4F7556}") = "Models", "Models\Models.csproj", "{8D8E4F9E-3EE0-4FA0-BA8F-0EBA46832E96}"
EndProject
Project("{9A19103F-16F7-4668-BE54-9A1E7A4F7556}") = "Data Context", "Data Context\Data Context.csproj", "{69008690-D6CD-4A14-9C9D-249D6BD3A1AE}"
EndProject
Project("{9A19103F-16F7-4668-BE54-9A1E7A4F7556}") = "Repos", "Repos\Repos.csproj", "{6F8DECA0-4329-49EE-926E-E9D9796BFAE1}"
EndProject
Project("{9A19103F-16F7-4668-BE54-9A1E7A4F7556}") = "ViewModels", "ViewModels\ViewModels.csproj", "{9E848970-B193-43C0-AC78-05B8C78B23F0}"
EndProject
Project("{FAE04EC0-301F-11D3-BF4B-00C04F79EFBC}") = "Api Clinet side", "Api Clinet side\Api Clinet side.csproj", "{099ABFCF-1A77-4ED7-989F-A54CE90B8054}"
EndProject
Global
	GlobalSection(SolutionConfigurationPlatforms) = preSolution
		Debug|Any CPU = Debug|Any CPU
		Release|Any CPU = Release|Any CPU
	EndGlobalSection
	GlobalSection(ProjectConfigurationPlatforms) = postSolution
		{06DC2A73-F96F-4CCC-8B9A-62E2DE3BB623}.Debug|Any CPU.ActiveCfg = Debug|Any CPU
		{06DC2A73-F96F-4CCC-8B9A-62E2DE3BB623}.Debug|Any CPU.Build.0 = Debug|Any CPU
		{06DC2A73-F96F-4CCC-8B9A-62E2DE3BB623}.Release|Any CPU.ActiveCfg = Release|Any CPU
		{06DC2A73-F96F-4CCC-8B9A-62E2DE3BB623}.Release|Any CPU.Build.0 = Release|Any CPU
		{8D8E4F9E-3EE0-4FA0-BA8F-0EBA46832E96}.Debug|Any CPU.ActiveCfg = Debug|Any CPU
		{8D8E4F9E-3EE0-4FA0-BA8F-0EBA46832E96}.Debug|Any CPU.Build.0 = Debug|Any CPU
		{8D8E4F9E-3EE0-4FA0-BA8F-0EBA46832E96}.Release|Any CPU.ActiveCfg = Release|Any CPU
		{8D8E4F9E-3EE0-4FA0-BA8F-0EBA46832E96}.Release|Any CPU.Build.0 = Release|Any CPU
		{69008690-D6CD-4A14-9C9D-249D6BD3A1AE}.Debug|Any CPU.ActiveCfg = Debug|Any CPU
		{69008690-D6CD-4A14-9C9D-249D6BD3A1AE}.Debug|Any CPU.Build.0 = Debug|Any CPU
		{69008690-D6CD-4A14-9C9D-249D6BD3A1AE}.Release|Any CPU.ActiveCfg = Release|Any CPU
		{69008690-D6CD-4A14-9C9D-249D6BD3A1AE}.Release|Any CPU.Build.0 = Release|Any CPU
		{6F8DECA0-4329-49EE-926E-E9D9796BFAE1}.Debug|Any CPU.ActiveCfg = Debug|Any CPU
		{6F8DECA0-4329-49EE-926E-E9D9796BFAE1}.Debug|Any CPU.Build.0 = Debug|Any CPU
		{6F8DECA0-4329-49EE-926E-E9D9796BFAE1}.Release|Any CPU.ActiveCfg = Release|Any CPU
		{6F8DECA0-4329-49EE-926E-E9D9796BFAE1}.Release|Any CPU.Build.0 = Release|Any CPU
		{9E848970-B193-43C0-AC78-05B8C78B23F0}.Debug|Any CPU.ActiveCfg = Debug|Any CPU
		{9E848970-B193-43C0-AC78-05B8C78B23F0}.Debug|Any CPU.Build.0 = Debug|Any CPU
		{9E848970-B193-43C0-AC78-05B8C78B23F0}.Release|Any CPU.ActiveCfg = Release|Any CPU
		{9E848970-B193-43C0-AC78-05B8C78B23F0}.Release|Any CPU.Build.0 = Release|Any CPU
		{099ABFCF-1A77-4ED7-989F-A54CE90B8054}.Debug|Any CPU.ActiveCfg = Debug|Any CPU
		{099ABFCF-1A77-4ED7-989F-A54CE90B8054}.Debug|Any CPU.Build.0 = Debug|Any CPU
		{099ABFCF-1A77-4ED7-989F-A54CE90B8054}.Release|Any CPU.ActiveCfg = Release|Any CPU
		{099ABFCF-1A77-4ED7-989F-A54CE90B8054}.Release|Any CPU.Build.0 = Release|Any CPU
	EndGlobalSection
	GlobalSection(SolutionProperties) = preSolution
		HideSolutionNode = FALSE
	EndGlobalSection
	GlobalSection(ExtensibilityGlobals) = postSolution
		SolutionGuid = {7A470AEB-BA09-4788-A6FA-9A0A63A661BC}
	EndGlobalSection
EndGlobal
